// !$*UTF8*$!
{
	archiveVersion = 1;
	classes = {
	};
	objectVersion = 56;
	objects = {

/* Begin PBXBuildFile section */
		89A3E07B2BF7393100AB47EB /* AppDelegate.swift in Sources */ = {isa = PBXBuildFile; fileRef = 89A3E07A2BF7393100AB47EB /* AppDelegate.swift */; };
		89A3E07D2BF7393100AB47EB /* SceneDelegate.swift in Sources */ = {isa = PBXBuildFile; fileRef = 89A3E07C2BF7393100AB47EB /* SceneDelegate.swift */; };
		89A3E07F2BF7393100AB47EB /* ViewController.swift in Sources */ = {isa = PBXBuildFile; fileRef = 89A3E07E2BF7393100AB47EB /* ViewController.swift */; };
		89A3E0822BF7393100AB47EB /* Base in Resources */ = {isa = PBXBuildFile; fileRef = 89A3E0812BF7393100AB47EB /* Base */; };
		89A3E0842BF7393200AB47EB /* Assets.xcassets in Resources */ = {isa = PBXBuildFile; fileRef = 89A3E0832BF7393200AB47EB /* Assets.xcassets */; };
		89A3E0872BF7393200AB47EB /* Base in Resources */ = {isa = PBXBuildFile; fileRef = 89A3E0862BF7393200AB47EB /* Base */; };
		89A3E0922BF7393300AB47EB /* PracticeTests.swift in Sources */ = {isa = PBXBuildFile; fileRef = 89A3E0912BF7393300AB47EB /* PracticeTests.swift */; };
		89A3E09C2BF7393300AB47EB /* PracticeUITests.swift in Sources */ = {isa = PBXBuildFile; fileRef = 89A3E09B2BF7393300AB47EB /* PracticeUITests.swift */; };
		89A3E09E2BF7393300AB47EB /* PracticeUITestsLaunchTests.swift in Sources */ = {isa = PBXBuildFile; fileRef = 89A3E09D2BF7393300AB47EB /* PracticeUITestsLaunchTests.swift */; };
/* End PBXBuildFile section */

/* Begin PBXContainerItemProxy section */
		89A3E08E2BF7393300AB47EB /* PBXContainerItemProxy */ = {
			isa = PBXContainerItemProxy;
			containerPortal = 89A3E06F2BF7393100AB47EB /* Project object */;
			proxyType = 1;
			remoteGlobalIDString = 89A3E0762BF7393100AB47EB;
			remoteInfo = Practice;
		};
		89A3E0982BF7393300AB47EB /* PBXContainerItemProxy */ = {
			isa = PBXContainerItemProxy;
			containerPortal = 89A3E06F2BF7393100AB47EB /* Project object */;
			proxyType = 1;
			remoteGlobalIDString = 89A3E0762BF7393100AB47EB;
			remoteInfo = Practice;
		};
/* End PBXContainerItemProxy section */

/* Begin PBXFileReference section */
		89A3E0772BF7393100AB47EB /* Practice.app */ = {isa = PBXFileReference; explicitFileType = wrapper.application; includeInIndex = 0; path = Practice.app; sourceTree = BUILT_PRODUCTS_DIR; };
		89A3E07A2BF7393100AB47EB /* AppDelegate.swift */ = {isa = PBXFileReference; lastKnownFileType = sourcecode.swift; path = AppDelegate.swift; sourceTree = "<group>"; };
		89A3E07C2BF7393100AB47EB /* SceneDelegate.swift */ = {isa = PBXFileReference; lastKnownFileType = sourcecode.swift; path = SceneDelegate.swift; sourceTree = "<group>"; };
		89A3E07E2BF7393100AB47EB /* ViewController.swift */ = {isa = PBXFileReference; lastKnownFileType = sourcecode.swift; path = ViewController.swift; sourceTree = "<group>"; };
		89A3E0812BF7393100AB47EB /* Base */ = {isa = PBXFileReference; lastKnownFileType = file.storyboard; name = Base; path = Base.lproj/Main.storyboard; sourceTree = "<group>"; };
		89A3E0832BF7393200AB47EB /* Assets.xcassets */ = {isa = PBXFileReference; lastKnownFileType = folder.assetcatalog; path = Assets.xcassets; sourceTree = "<group>"; };
		89A3E0862BF7393200AB47EB /* Base */ = {isa = PBXFileReference; lastKnownFileType = file.storyboard; name = Base; path = Base.lproj/LaunchScreen.storyboard; sourceTree = "<group>"; };
		89A3E0882BF7393200AB47EB /* Info.plist */ = {isa = PBXFileReference; lastKnownFileType = text.plist.xml; path = Info.plist; sourceTree = "<group>"; };
		89A3E08D2BF7393300AB47EB /* PracticeTests.xctest */ = {isa = PBXFileReference; explicitFileType = wrapper.cfbundle; includeInIndex = 0; path = PracticeTests.xctest; sourceTree = BUILT_PRODUCTS_DIR; };
		89A3E0912BF7393300AB47EB /* PracticeTests.swift */ = {isa = PBXFileReference; lastKnownFileType = sourcecode.swift; path = PracticeTests.swift; sourceTree = "<group>"; };
		89A3E0972BF7393300AB47EB /* PracticeUITests.xctest */ = {isa = PBXFileReference; explicitFileType = wrapper.cfbundle; includeInIndex = 0; path = PracticeUITests.xctest; sourceTree = BUILT_PRODUCTS_DIR; };
		89A3E09B2BF7393300AB47EB /* PracticeUITests.swift */ = {isa = PBXFileReference; lastKnownFileType = sourcecode.swift; path = PracticeUITests.swift; sourceTree = "<group>"; };
		89A3E09D2BF7393300AB47EB /* PracticeUITestsLaunchTests.swift */ = {isa = PBXFileReference; lastKnownFileType = sourcecode.swift; path = PracticeUITestsLaunchTests.swift; sourceTree = "<group>"; };
/* End PBXFileReference section */

/* Begin PBXFrameworksBuildPhase section */
		89A3E0742BF7393100AB47EB /* Frameworks */ = {
			isa = PBXFrameworksBuildPhase;
			buildActionMask = 2147483647;
			files = (
			);
			runOnlyForDeploymentPostprocessing = 0;
		};
		89A3E08A2BF7393300AB47EB /* Frameworks */ = {
			isa = PBXFrameworksBuildPhase;
			buildActionMask = 2147483647;
			files = (
			);
			runOnlyForDeploymentPostprocessing = 0;
		};
		89A3E0942BF7393300AB47EB /* Frameworks */ = {
			isa = PBXFrameworksBuildPhase;
			buildActionMask = 2147483647;
			files = (
			);
			runOnlyForDeploymentPostprocessing = 0;
		};
/* End PBXFrameworksBuildPhase section */

/* Begin PBXGroup section */
		89A3E06E2BF7393100AB47EB = {
			isa = PBXGroup;
			children = (
				89A3E0792BF7393100AB47EB /* Practice */,
				89A3E0902BF7393300AB47EB /* PracticeTests */,
				89A3E09A2BF7393300AB47EB /* PracticeUITests */,
				89A3E0782BF7393100AB47EB /* Products */,
			);
			sourceTree = "<group>";
		};
		89A3E0782BF7393100AB47EB /* Products */ = {
			isa = PBXGroup;
			children = (
				89A3E0772BF7393100AB47EB /* Practice.app */,
				89A3E08D2BF7393300AB47EB /* PracticeTests.xctest */,
				89A3E0972BF7393300AB47EB /* PracticeUITests.xctest */,
			);
			name = Products;
			sourceTree = "<group>";
		};
		89A3E0792BF7393100AB47EB /* Practice */ = {
			isa = PBXGroup;
			children = (
				89A3E07A2BF7393100AB47EB /* AppDelegate.swift */,
				89A3E07C2BF7393100AB47EB /* SceneDelegate.swift */,
				89A3E07E2BF7393100AB47EB /* ViewController.swift */,
				89A3E0802BF7393100AB47EB /* Main.storyboard */,
				89A3E0832BF7393200AB47EB /* Assets.xcassets */,
				89A3E0852BF7393200AB47EB /* LaunchScreen.storyboard */,
				89A3E0882BF7393200AB47EB /* Info.plist */,
			);
			path = Practice;
			sourceTree = "<group>";
		};
		89A3E0902BF7393300AB47EB /* PracticeTests */ = {
			isa = PBXGroup;
			children = (
				89A3E0912BF7393300AB47EB /* PracticeTests.swift */,
			);
			path = PracticeTests;
			sourceTree = "<group>";
		};
		89A3E09A2BF7393300AB47EB /* PracticeUITests */ = {
			isa = PBXGroup;
			children = (
				89A3E09B2BF7393300AB47EB /* PracticeUITests.swift */,
				89A3E09D2BF7393300AB47EB /* PracticeUITestsLaunchTests.swift */,
			);
			path = PracticeUITests;
			sourceTree = "<group>";
		};
/* End PBXGroup section */

/* Begin PBXNativeTarget section */
		89A3E0762BF7393100AB47EB /* Practice */ = {
			isa = PBXNativeTarget;
			buildConfigurationList = 89A3E0A12BF7393300AB47EB /* Build configuration list for PBXNativeTarget "Practice" */;
			buildPhases = (
				89A3E0732BF7393100AB47EB /* Sources */,
				89A3E0742BF7393100AB47EB /* Frameworks */,
				89A3E0752BF7393100AB47EB /* Resources */,
			);
			buildRules = (
			);
			dependencies = (
			);
			name = Practice;
			productName = Practice;
			productReference = 89A3E0772BF7393100AB47EB /* Practice.app */;
			productType = "com.apple.product-type.application";
		};
		89A3E08C2BF7393300AB47EB /* PracticeTests */ = {
			isa = PBXNativeTarget;
			buildConfigurationList = 89A3E0A42BF7393300AB47EB /* Build configuration list for PBXNativeTarget "PracticeTests" */;
			buildPhases = (
				89A3E0892BF7393300AB47EB /* Sources */,
				89A3E08A2BF7393300AB47EB /* Frameworks */,
				89A3E08B2BF7393300AB47EB /* Resources */,
			);
			buildRules = (
			);
			dependencies = (
				89A3E08F2BF7393300AB47EB /* PBXTargetDependency */,
			);
			name = PracticeTests;
			productName = PracticeTests;
			productReference = 89A3E08D2BF7393300AB47EB /* PracticeTests.xctest */;
			productType = "com.apple.product-type.bundle.unit-test";
		};
		89A3E0962BF7393300AB47EB /* PracticeUITests */ = {
			isa = PBXNativeTarget;
			buildConfigurationList = 89A3E0A72BF7393300AB47EB /* Build configuration list for PBXNativeTarget "PracticeUITests" */;
			buildPhases = (
				89A3E0932BF7393300AB47EB /* Sources */,
				89A3E0942BF7393300AB47EB /* Frameworks */,
				89A3E0952BF7393300AB47EB /* Resources */,
			);
			buildRules = (
			);
			dependencies = (
				89A3E0992BF7393300AB47EB /* PBXTargetDependency */,
			);
			name = PracticeUITests;
			productName = PracticeUITests;
			productReference = 89A3E0972BF7393300AB47EB /* PracticeUITests.xctest */;
			productType = "com.apple.product-type.bundle.ui-testing";
		};
/* End PBXNativeTarget section */

/* Begin PBXProject section */
		89A3E06F2BF7393100AB47EB /* Project object */ = {
			isa = PBXProject;
			attributes = {
				BuildIndependentTargetsInParallel = 1;
				LastSwiftUpdateCheck = 1540;
				LastUpgradeCheck = 1540;
				TargetAttributes = {
					89A3E0762BF7393100AB47EB = {
						CreatedOnToolsVersion = 15.4;
					};
					89A3E08C2BF7393300AB47EB = {
						CreatedOnToolsVersion = 15.4;
						TestTargetID = 89A3E0762BF7393100AB47EB;
					};
					89A3E0962BF7393300AB47EB = {
						CreatedOnToolsVersion = 15.4;
						TestTargetID = 89A3E0762BF7393100AB47EB;
					};
				};
			};
			buildConfigurationList = 89A3E0722BF7393100AB47EB /* Build configuration list for PBXProject "Practice" */;
			compatibilityVersion = "Xcode 14.0";
			developmentRegion = en;
			hasScannedForEncodings = 0;
			knownRegions = (
				en,
				Base,
			);
			mainGroup = 89A3E06E2BF7393100AB47EB;
			productRefGroup = 89A3E0782BF7393100AB47EB /* Products */;
			projectDirPath = "";
			projectRoot = "";
			targets = (
				89A3E0762BF7393100AB47EB /* Practice */,
				89A3E08C2BF7393300AB47EB /* PracticeTests */,
				89A3E0962BF7393300AB47EB /* PracticeUITests */,
			);
		};
/* End PBXProject section */

/* Begin PBXResourcesBuildPhase section */
		89A3E0752BF7393100AB47EB /* Resources */ = {
			isa = PBXResourcesBuildPhase;
			buildActionMask = 2147483647;
			files = (
				89A3E0842BF7393200AB47EB /* Assets.xcassets in Resources */,
				89A3E0872BF7393200AB47EB /* Base in Resources */,
				89A3E0822BF7393100AB47EB /* Base in Resources */,
			);
			runOnlyForDeploymentPostprocessing = 0;
		};
		89A3E08B2BF7393300AB47EB /* Resources */ = {
			isa = PBXResourcesBuildPhase;
			buildActionMask = 2147483647;
			files = (
			);
			runOnlyForDeploymentPostprocessing = 0;
		};
		89A3E0952BF7393300AB47EB /* Resources */ = {
			isa = PBXResourcesBuildPhase;
			buildActionMask = 2147483647;
			files = (
			);
			runOnlyForDeploymentPostprocessing = 0;
		};
/* End PBXResourcesBuildPhase section */

/* Begin PBXSourcesBuildPhase section */
		89A3E0732BF7393100AB47EB /* Sources */ = {
			isa = PBXSourcesBuildPhase;
			buildActionMask = 2147483647;
			files = (
				89A3E07F2BF7393100AB47EB /* ViewController.swift in Sources */,
				89A3E07B2BF7393100AB47EB /* AppDelegate.swift in Sources */,
				89A3E07D2BF7393100AB47EB /* SceneDelegate.swift in Sources */,
			);
			runOnlyForDeploymentPostprocessing = 0;
		};
		89A3E0892BF7393300AB47EB /* Sources */ = {
			isa = PBXSourcesBuildPhase;
			buildActionMask = 2147483647;
			files = (
				89A3E0922BF7393300AB47EB /* PracticeTests.swift in Sources */,
			);
			runOnlyForDeploymentPostprocessing = 0;
		};
		89A3E0932BF7393300AB47EB /* Sources */ = {
			isa = PBXSourcesBuildPhase;
			buildActionMask = 2147483647;
			files = (
				89A3E09E2BF7393300AB47EB /* PracticeUITestsLaunchTests.swift in Sources */,
				89A3E09C2BF7393300AB47EB /* PracticeUITests.swift in Sources */,
			);
			runOnlyForDeploymentPostprocessing = 0;
		};
/* End PBXSourcesBuildPhase section */

/* Begin PBXTargetDependency section */
		89A3E08F2BF7393300AB47EB /* PBXTargetDependency */ = {
			isa = PBXTargetDependency;
			target = 89A3E0762BF7393100AB47EB /* Practice */;
			targetProxy = 89A3E08E2BF7393300AB47EB /* PBXContainerItemProxy */;
		};
		89A3E0992BF7393300AB47EB /* PBXTargetDependency */ = {
			isa = PBXTargetDependency;
			target = 89A3E0762BF7393100AB47EB /* Practice */;
			targetProxy = 89A3E0982BF7393300AB47EB /* PBXContainerItemProxy */;
		};
/* End PBXTargetDependency section */

/* Begin PBXVariantGroup section */
		89A3E0802BF7393100AB47EB /* Main.storyboard */ = {
			isa = PBXVariantGroup;
			children = (
				89A3E0812BF7393100AB47EB /* Base */,
			);
			name = Main.storyboard;
			sourceTree = "<group>";
		};
		89A3E0852BF7393200AB47EB /* LaunchScreen.storyboard */ = {
			isa = PBXVariantGroup;
			children = (
				89A3E0862BF7393200AB47EB /* Base */,
			);
			name = LaunchScreen.storyboard;
			sourceTree = "<group>";
		};
/* End PBXVariantGroup section */

/* Begin XCBuildConfiguration section */
		89A3E09F2BF7393300AB47EB /* Debug */ = {
			isa = XCBuildConfiguration;
			buildSettings = {
				ALWAYS_SEARCH_USER_PATHS = NO;
				ASSETCATALOG_COMPILER_GENERATE_SWIFT_ASSET_SYMBOL_EXTENSIONS = YES;
				CLANG_ANALYZER_NONNULL = YES;
				CLANG_ANALYZER_NUMBER_OBJECT_CONVERSION = YES_AGGRESSIVE;
				CLANG_CXX_LANGUAGE_STANDARD = "gnu++20";
				CLANG_ENABLE_MODULES = YES;
				CLANG_ENABLE_OBJC_ARC = YES;
				CLANG_ENABLE_OBJC_WEAK = YES;
				CLANG_WARN_BLOCK_CAPTURE_AUTORELEASING = YES;
				CLANG_WARN_BOOL_CONVERSION = YES;
				CLANG_WARN_COMMA = YES;
				CLANG_WARN_CONSTANT_CONVERSION = YES;
				CLANG_WARN_DEPRECATED_OBJC_IMPLEMENTATIONS = YES;
				CLANG_WARN_DIRECT_OBJC_ISA_USAGE = YES_ERROR;
				CLANG_WARN_DOCUMENTATION_COMMENTS = YES;
				CLANG_WARN_EMPTY_BODY = YES;
				CLANG_WARN_ENUM_CONVERSION = YES;
				CLANG_WARN_INFINITE_RECURSION = YES;
				CLANG_WARN_INT_CONVERSION = YES;
				CLANG_WARN_NON_LITERAL_NULL_CONVERSION = YES;
				CLANG_WARN_OBJC_IMPLICIT_RETAIN_SELF = YES;
				CLANG_WARN_OBJC_LITERAL_CONVERSION = YES;
				CLANG_WARN_OBJC_ROOT_CLASS = YES_ERROR;
				CLANG_WARN_QUOTED_INCLUDE_IN_FRAMEWORK_HEADER = YES;
				CLANG_WARN_RANGE_LOOP_ANALYSIS = YES;
				CLANG_WARN_STRICT_PROTOTYPES = YES;
				CLANG_WARN_SUSPICIOUS_MOVE = YES;
				CLANG_WARN_UNGUARDED_AVAILABILITY = YES_AGGRESSIVE;
				CLANG_WARN_UNREACHABLE_CODE = YES;
				CLANG_WARN__DUPLICATE_METHOD_MATCH = YES;
				COPY_PHASE_STRIP = NO;
				DEBUG_INFORMATION_FORMAT = dwarf;
				ENABLE_STRICT_OBJC_MSGSEND = YES;
				ENABLE_TESTABILITY = YES;
				ENABLE_USER_SCRIPT_SANDBOXING = YES;
				GCC_C_LANGUAGE_STANDARD = gnu17;
				GCC_DYNAMIC_NO_PIC = NO;
				GCC_NO_COMMON_BLOCKS = YES;
				GCC_OPTIMIZATION_LEVEL = 0;
				GCC_PREPROCESSOR_DEFINITIONS = (
					"DEBUG=1",
					"$(inherited)",
				);
				GCC_WARN_64_TO_32_BIT_CONVERSION = YES;
				GCC_WARN_ABOUT_RETURN_TYPE = YES_ERROR;
				GCC_WARN_UNDECLARED_SELECTOR = YES;
				GCC_WARN_UNINITIALIZED_AUTOS = YES_AGGRESSIVE;
				GCC_WARN_UNUSED_FUNCTION = YES;
				GCC_WARN_UNUSED_VARIABLE = YES;
				IPHONEOS_DEPLOYMENT_TARGET = 17.5;
				LOCALIZATION_PREFERS_STRING_CATALOGS = YES;
				MTL_ENABLE_DEBUG_INFO = INCLUDE_SOURCE;
				MTL_FAST_MATH = YES;
				ONLY_ACTIVE_ARCH = YES;
				SDKROOT = iphoneos;
				SWIFT_ACTIVE_COMPILATION_CONDITIONS = "DEBUG $(inherited)";
				SWIFT_OPTIMIZATION_LEVEL = "-Onone";
			};
			name = Debug;
		};
		89A3E0A02BF7393300AB47EB /* Release */ = {
			isa = XCBuildConfiguration;
			buildSettings = {
				ALWAYS_SEARCH_USER_PATHS = NO;
				ASSETCATALOG_COMPILER_GENERATE_SWIFT_ASSET_SYMBOL_EXTENSIONS = YES;
				CLANG_ANALYZER_NONNULL = YES;
				CLANG_ANALYZER_NUMBER_OBJECT_CONVERSION = YES_AGGRESSIVE;
				CLANG_CXX_LANGUAGE_STANDARD = "gnu++20";
				CLANG_ENABLE_MODULES = YES;
				CLANG_ENABLE_OBJC_ARC = YES;
				CLANG_ENABLE_OBJC_WEAK = YES;
				CLANG_WARN_BLOCK_CAPTURE_AUTORELEASING = YES;
				CLANG_WARN_BOOL_CONVERSION = YES;
				CLANG_WARN_COMMA = YES;
				CLANG_WARN_CONSTANT_CONVERSION = YES;
				CLANG_WARN_DEPRECATED_OBJC_IMPLEMENTATIONS = YES;
				CLANG_WARN_DIRECT_OBJC_ISA_USAGE = YES_ERROR;
				CLANG_WARN_DOCUMENTATION_COMMENTS = YES;
				CLANG_WARN_EMPTY_BODY = YES;
				CLANG_WARN_ENUM_CONVERSION = YES;
				CLANG_WARN_INFINITE_RECURSION = YES;
				CLANG_WARN_INT_CONVERSION = YES;
				CLANG_WARN_NON_LITERAL_NULL_CONVERSION = YES;
				CLANG_WARN_OBJC_IMPLICIT_RETAIN_SELF = YES;
				CLANG_WARN_OBJC_LITERAL_CONVERSION = YES;
				CLANG_WARN_OBJC_ROOT_CLASS = YES_ERROR;
				CLANG_WARN_QUOTED_INCLUDE_IN_FRAMEWORK_HEADER = YES;
				CLANG_WARN_RANGE_LOOP_ANALYSIS = YES;
				CLANG_WARN_STRICT_PROTOTYPES = YES;
				CLANG_WARN_SUSPICIOUS_MOVE = YES;
				CLANG_WARN_UNGUARDED_AVAILABILITY = YES_AGGRESSIVE;
				CLANG_WARN_UNREACHABLE_CODE = YES;
				CLANG_WARN__DUPLICATE_METHOD_MATCH = YES;
				COPY_PHASE_STRIP = NO;
				DEBUG_INFORMATION_FORMAT = "dwarf-with-dsym";
				ENABLE_NS_ASSERTIONS = NO;
				ENABLE_STRICT_OBJC_MSGSEND = YES;
				ENABLE_USER_SCRIPT_SANDBOXING = YES;
				GCC_C_LANGUAGE_STANDARD = gnu17;
				GCC_NO_COMMON_BLOCKS = YES;
				GCC_WARN_64_TO_32_BIT_CONVERSION = YES;
				GCC_WARN_ABOUT_RETURN_TYPE = YES_ERROR;
				GCC_WARN_UNDECLARED_SELECTOR = YES;
				GCC_WARN_UNINITIALIZED_AUTOS = YES_AGGRESSIVE;
				GCC_WARN_UNUSED_FUNCTION = YES;
				GCC_WARN_UNUSED_VARIABLE = YES;
				IPHONEOS_DEPLOYMENT_TARGET = 17.5;
				LOCALIZATION_PREFERS_STRING_CATALOGS = YES;
				MTL_ENABLE_DEBUG_INFO = NO;
				MTL_FAST_MATH = YES;
				SDKROOT = iphoneos;
				SWIFT_COMPILATION_MODE = wholemodule;
				VALIDATE_PRODUCT = YES;
			};
			name = Release;
		};
		89A3E0A22BF7393300AB47EB /* Debug */ = {
			isa = XCBuildConfiguration;
			buildSettings = {
				ASSETCATALOG_COMPILER_APPICON_NAME = AppIcon;
				ASSETCATALOG_COMPILER_GLOBAL_ACCENT_COLOR_NAME = AccentColor;
				CODE_SIGN_STYLE = Automatic;
				CURRENT_PROJECT_VERSION = 1;
				GENERATE_INFOPLIST_FILE = YES;
				INFOPLIST_FILE = Practice/Info.plist;
				INFOPLIST_KEY_UIApplicationSupportsIndirectInputEvents = YES;
				INFOPLIST_KEY_UILaunchStoryboardName = LaunchScreen;
				INFOPLIST_KEY_UIMainStoryboardFile = Main;
				INFOPLIST_KEY_UISupportedInterfaceOrientations_iPad = "UIInterfaceOrientationPortrait UIInterfaceOrientationPortraitUpsideDown UIInterfaceOrientationLandscapeLeft UIInterfaceOrientationLandscapeRight";
				INFOPLIST_KEY_UISupportedInterfaceOrientations_iPhone = "UIInterfaceOrientationPortrait UIInterfaceOrientationLandscapeLeft UIInterfaceOrientationLandscapeRight";
				LD_RUNPATH_SEARCH_PATHS = (
					"$(inherited)",
					"@executable_path/Frameworks",
				);
				MARKETING_VERSION = 1.0;
				PRODUCT_BUNDLE_IDENTIFIER = hongbeom.Practice;
				PRODUCT_NAME = "$(TARGET_NAME)";
				SWIFT_EMIT_LOC_STRINGS = YES;
				SWIFT_VERSION = 5.0;
				TARGETED_DEVICE_FAMILY = "1,2";
			};
			name = Debug;
		};
		89A3E0A32BF7393300AB47EB /* Release */ = {
			isa = XCBuildConfiguration;
			buildSettings = {
				ASSETCATALOG_COMPILER_APPICON_NAME = AppIcon;
				ASSETCATALOG_COMPILER_GLOBAL_ACCENT_COLOR_NAME = AccentColor;
				CODE_SIGN_STYLE = Automatic;
				CURRENT_PROJECT_VERSION = 1;
				GENERATE_INFOPLIST_FILE = YES;
				INFOPLIST_FILE = Practice/Info.plist;
				INFOPLIST_KEY_UIApplicationSupportsIndirectInputEvents = YES;
				INFOPLIST_KEY_UILaunchStoryboardName = LaunchScreen;
				INFOPLIST_KEY_UIMainStoryboardFile = Main;
				INFOPLIST_KEY_UISupportedInterfaceOrientations_iPad = "UIInterfaceOrientationPortrait UIInterfaceOrientationPortraitUpsideDown UIInterfaceOrientationLandscapeLeft UIInterfaceOrientationLandscapeRight";
				INFOPLIST_KEY_UISupportedInterfaceOrientations_iPhone = "UIInterfaceOrientationPortrait UIInterfaceOrientationLandscapeLeft UIInterfaceOrientationLandscapeRight";
				LD_RUNPATH_SEARCH_PATHS = (
					"$(inherited)",
					"@executable_path/Frameworks",
				);
				MARKETING_VERSION = 1.0;
				PRODUCT_BUNDLE_IDENTIFIER = hongbeom.Practice;
				PRODUCT_NAME = "$(TARGET_NAME)";
				SWIFT_EMIT_LOC_STRINGS = YES;
				SWIFT_VERSION = 5.0;
				TARGETED_DEVICE_FAMILY = "1,2";
			};
			name = Release;
		};
		89A3E0A52BF7393300AB47EB /* Debug */ = {
			isa = XCBuildConfiguration;
			buildSettings = {
				ALWAYS_EMBED_SWIFT_STANDARD_LIBRARIES = YES;
				BUNDLE_LOADER = "$(TEST_HOST)";
				CODE_SIGN_STYLE = Automatic;
				CURRENT_PROJECT_VERSION = 1;
				GENERATE_INFOPLIST_FILE = YES;
				IPHONEOS_DEPLOYMENT_TARGET = 17.5;
				MARKETING_VERSION = 1.0;
				PRODUCT_BUNDLE_IDENTIFIER = hongbeom.PracticeTests;
				PRODUCT_NAME = "$(TARGET_NAME)";
				SWIFT_EMIT_LOC_STRINGS = NO;
				SWIFT_VERSION = 5.0;
				TARGETED_DEVICE_FAMILY = "1,2";
				TEST_HOST = "$(BUILT_PRODUCTS_DIR)/Practice.app/$(BUNDLE_EXECUTABLE_FOLDER_PATH)/Practice";
			};
			name = Debug;
		};
		89A3E0A62BF7393300AB47EB /* Release */ = {
			isa = XCBuildConfiguration;
			buildSettings = {
				ALWAYS_EMBED_SWIFT_STANDARD_LIBRARIES = YES;
				BUNDLE_LOADER = "$(TEST_HOST)";
				CODE_SIGN_STYLE = Automatic;
				CURRENT_PROJECT_VERSION = 1;
				GENERATE_INFOPLIST_FILE = YES;
				IPHONEOS_DEPLOYMENT_TARGET = 17.5;
				MARKETING_VERSION = 1.0;
				PRODUCT_BUNDLE_IDENTIFIER = hongbeom.PracticeTests;
				PRODUCT_NAME = "$(TARGET_NAME)";
				SWIFT_EMIT_LOC_STRINGS = NO;
				SWIFT_VERSION = 5.0;
				TARGETED_DEVICE_FAMILY = "1,2";
				TEST_HOST = "$(BUILT_PRODUCTS_DIR)/Practice.app/$(BUNDLE_EXECUTABLE_FOLDER_PATH)/Practice";
			};
			name = Release;
		};
		89A3E0A82BF7393300AB47EB /* Debug */ = {
			isa = XCBuildConfiguration;
			buildSettings = {
				ALWAYS_EMBED_SWIFT_STANDARD_LIBRARIES = YES;
				CODE_SIGN_STYLE = Automatic;
				CURRENT_PROJECT_VERSION = 1;
				GENERATE_INFOPLIST_FILE = YES;
				MARKETING_VERSION = 1.0;
				PRODUCT_BUNDLE_IDENTIFIER = hongbeom.PracticeUITests;
				PRODUCT_NAME = "$(TARGET_NAME)";
				SWIFT_EMIT_LOC_STRINGS = NO;
				SWIFT_VERSION = 5.0;
				TARGETED_DEVICE_FAMILY = "1,2";
				TEST_TARGET_NAME = Practice;
			};
			name = Debug;
		};
		89A3E0A92BF7393300AB47EB /* Release */ = {
			isa = XCBuildConfiguration;
			buildSettings = {
				ALWAYS_EMBED_SWIFT_STANDARD_LIBRARIES = YES;
				CODE_SIGN_STYLE = Automatic;
				CURRENT_PROJECT_VERSION = 1;
				GENERATE_INFOPLIST_FILE = YES;
				MARKETING_VERSION = 1.0;
				PRODUCT_BUNDLE_IDENTIFIER = hongbeom.PracticeUITests;
				PRODUCT_NAME = "$(TARGET_NAME)";
				SWIFT_EMIT_LOC_STRINGS = NO;
				SWIFT_VERSION = 5.0;
				TARGETED_DEVICE_FAMILY = "1,2";
				TEST_TARGET_NAME = Practice;
			};
			name = Release;
		};
/* End XCBuildConfiguration section */

/* Begin XCConfigurationList section */
		89A3E0722BF7393100AB47EB /* Build configuration list for PBXProject "Practice" */ = {
			isa = XCConfigurationList;
			buildConfigurations = (
				89A3E09F2BF7393300AB47EB /* Debug */,
				89A3E0A02BF7393300AB47EB /* Release */,
			);
			defaultConfigurationIsVisible = 0;
			defaultConfigurationName = Release;
		};
		89A3E0A12BF7393300AB47EB /* Build configuration list for PBXNativeTarget "Practice" */ = {
			isa = XCConfigurationList;
			buildConfigurations = (
				89A3E0A22BF7393300AB47EB /* Debug */,
				89A3E0A32BF7393300AB47EB /* Release */,
			);
			defaultConfigurationIsVisible = 0;
			defaultConfigurationName = Release;
		};
		89A3E0A42BF7393300AB47EB /* Build configuration list for PBXNativeTarget "PracticeTests" */ = {
			isa = XCConfigurationList;
			buildConfigurations = (
				89A3E0A52BF7393300AB47EB /* Debug */,
				89A3E0A62BF7393300AB47EB /* Release */,
			);
			defaultConfigurationIsVisible = 0;
			defaultConfigurationName = Release;
		};
		89A3E0A72BF7393300AB47EB /* Build configuration list for PBXNativeTarget "PracticeUITests" */ = {
			isa = XCConfigurationList;
			buildConfigurations = (
				89A3E0A82BF7393300AB47EB /* Debug */,
				89A3E0A92BF7393300AB47EB /* Release */,
			);
			defaultConfigurationIsVisible = 0;
			defaultConfigurationName = Release;
		};
/* End XCConfigurationList section */
	};
	rootObject = 89A3E06F2BF7393100AB47EB /* Project object */;
}
